<?xml version="1.0" encoding="utf-8"?>
<Project ToolsVersion="17.0" xmlns="http://schemas.microsoft.com/developer/msbuild/2003">
  <ItemGroup>
    <CustomBuild Include="E:\Resume\Velox\build_viz\CMakeFiles\db2ee9b16422a5608c90cc88f4d086e5\PACKAGE_force.rule">
      <Filter>CMake Rules</Filter>
    </CustomBuild>
  </ItemGroup>
  <ItemGroup>
    <Filter Include="CMake Rules">
      <UniqueIdentifier>{F1EA6CB4-0629-3D92-AE2C-C0CB2A271336}</UniqueIdentifier>
    </Filter>
  </ItemGroup>
</Project>
