<?xml version="1.0" encoding="utf-8"?>
<Project ToolsVersion="17.0" xmlns="http://schemas.microsoft.com/developer/msbuild/2003">
  <ItemGroup>
    <CustomBuild Include="E:\Resume\PhysicsEngine\build_viz\CMakeFiles\9b69121d28e3990620df204976ba3688\generate.stamp.rule">
      <Filter>CMake Rules</Filter>
    </CustomBuild>
  </ItemGroup>
  <ItemGroup>
    <Filter Include="CMake Rules">
      <UniqueIdentifier>{0E348485-5810-39ED-9BEF-7F667340CE21}</UniqueIdentifier>
    </Filter>
  </ItemGroup>
</Project>
